
Microsoft Visual Studio Solution File, Format Version 12.00
# Visual Studio 15
VisualStudioVersion = 15.0.28307.645
MinimumVisualStudioVersion = 10.0.40219.1
Project("{FAE04EC0-301F-11D3-BF4B-00C04F79EFBC}") = "capture-screenshot-of-element-specific", "capture-screenshot-of-element-specific\capture-screenshot-of-element-specific.csproj", "{68AE87CB-35F3-48F3-B2B2-4568C422DFD0}"
EndProject
Global
	GlobalSection(SolutionConfigurationPlatforms) = preSolution
		Debug|Any CPU = Debug|Any CPU
		Release|Any CPU = Release|Any CPU
	EndGlobalSection
	GlobalSection(ProjectConfigurationPlatforms) = postSolution
		{68AE87CB-35F3-48F3-B2B2-4568C422DFD0}.Debug|Any CPU.ActiveCfg = Debug|Any CPU
		{68AE87CB-35F3-48F3-B2B2-4568C422DFD0}.Debug|Any CPU.Build.0 = Debug|Any CPU
		{68AE87CB-35F3-48F3-B2B2-4568C422DFD0}.Release|Any CPU.ActiveCfg = Release|Any CPU
		{68AE87CB-35F3-48F3-B2B2-4568C422DFD0}.Release|Any CPU.Build.0 = Release|Any CPU
	EndGlobalSection
	GlobalSection(SolutionProperties) = preSolution
		HideSolutionNode = FALSE
	EndGlobalSection
	GlobalSection(ExtensibilityGlobals) = postSolution
		SolutionGuid = {9BD6D637-26D3-4461-9BAB-CD60D16681D8}
	EndGlobalSection
EndGlobal
